
Microsoft Visual Studio Solution File, Format Version 12.00
# Visual Studio Version 17
VisualStudioVersion = 17.7.34024.191
MinimumVisualStudioVersion = 10.0.40219.1
Project("{FAE04EC0-301F-11D3-BF4B-00C04F79EFBC}") = "HerlonServer", "HerlonServer\HerlonServer.csproj", "{55811906-3A81-4825-B445-D197FA11896F}"
EndProject
Global
	GlobalSection(SolutionConfigurationPlatforms) = preSolution
		Debug|Any CPU = Debug|Any CPU
		Release|Any CPU = Release|Any CPU
	EndGlobalSection
	GlobalSection(ProjectConfigurationPlatforms) = postSolution
		{55811906-3A81-4825-B445-D197FA11896F}.Debug|Any CPU.ActiveCfg = Debug|Any CPU
		{55811906-3A81-4825-B445-D197FA11896F}.Debug|Any CPU.Build.0 = Debug|Any CPU
		{55811906-3A81-4825-B445-D197FA11896F}.Release|Any CPU.ActiveCfg = Release|Any CPU
		{55811906-3A81-4825-B445-D197FA11896F}.Release|Any CPU.Build.0 = Release|Any CPU
	EndGlobalSection
	GlobalSection(SolutionProperties) = preSolution
		HideSolutionNode = FALSE
	EndGlobalSection
	GlobalSection(ExtensibilityGlobals) = postSolution
		SolutionGuid = {F04A717F-223D-4E6F-8ADD-275B321F0D33}
	EndGlobalSection
EndGlobal
